
Microsoft Visual Studio Solution File, Format Version 12.00
Project("{FAE04EC0-301F-11D3-BF4B-00C04F79EFBC}") = "view", "view\view.csproj", "{153B3022-214A-42C7-97ED-D40060907920}"
EndProject
Project("{FAE04EC0-301F-11D3-BF4B-00C04F79EFBC}") = "models", "models\models.csproj", "{0C0B7336-7F20-4B6C-BDF4-0B657D875968}"
EndProject
Project("{FAE04EC0-301F-11D3-BF4B-00C04F79EFBC}") = "contoller", "contoller\contoller.csproj", "{E89A83CE-D16E-47F6-8D8A-56EC2145B636}"
EndProject
Project("{FAE04EC0-301F-11D3-BF4B-00C04F79EFBC}") = "kitchen", "kitchen\kitchen.csproj", "{C452FF05-5AAB-4456-B90D-BF1112150B68}"
EndProject
Project("{FAE04EC0-301F-11D3-BF4B-00C04F79EFBC}") = "model_kitchen", "model_kitchen\model_kitchen.csproj", "{CAB2D109-7B26-4C67-B83D-0FE8ECA60813}"
EndProject
Project("{FAE04EC0-301F-11D3-BF4B-00C04F79EFBC}") = "controller kitchen", "controller kitchen\controller kitchen.csproj", "{11A5D0CD-5DD9-451A-B5B1-1E9F20427F1D}"
EndProject
Project("{FAE04EC0-301F-11D3-BF4B-00C04F79EFBC}") = "SOcketServeur", "SOcketServeur\SOcketServeur.csproj", "{183D5ACB-231D-4AE4-959C-38FFE0E3CF8E}"
EndProject
Global
	GlobalSection(SolutionConfigurationPlatforms) = preSolution
		Debug|Any CPU = Debug|Any CPU
		Release|Any CPU = Release|Any CPU
	EndGlobalSection
	GlobalSection(ProjectConfigurationPlatforms) = postSolution
		{153B3022-214A-42C7-97ED-D40060907920}.Debug|Any CPU.ActiveCfg = Debug|Any CPU
		{153B3022-214A-42C7-97ED-D40060907920}.Debug|Any CPU.Build.0 = Debug|Any CPU
		{153B3022-214A-42C7-97ED-D40060907920}.Release|Any CPU.ActiveCfg = Release|Any CPU
		{153B3022-214A-42C7-97ED-D40060907920}.Release|Any CPU.Build.0 = Release|Any CPU
		{0C0B7336-7F20-4B6C-BDF4-0B657D875968}.Debug|Any CPU.ActiveCfg = Debug|Any CPU
		{0C0B7336-7F20-4B6C-BDF4-0B657D875968}.Debug|Any CPU.Build.0 = Debug|Any CPU
		{0C0B7336-7F20-4B6C-BDF4-0B657D875968}.Release|Any CPU.ActiveCfg = Release|Any CPU
		{0C0B7336-7F20-4B6C-BDF4-0B657D875968}.Release|Any CPU.Build.0 = Release|Any CPU
		{E89A83CE-D16E-47F6-8D8A-56EC2145B636}.Debug|Any CPU.ActiveCfg = Debug|Any CPU
		{E89A83CE-D16E-47F6-8D8A-56EC2145B636}.Debug|Any CPU.Build.0 = Debug|Any CPU
		{E89A83CE-D16E-47F6-8D8A-56EC2145B636}.Release|Any CPU.ActiveCfg = Release|Any CPU
		{E89A83CE-D16E-47F6-8D8A-56EC2145B636}.Release|Any CPU.Build.0 = Release|Any CPU
		{C452FF05-5AAB-4456-B90D-BF1112150B68}.Debug|Any CPU.ActiveCfg = Debug|Any CPU
		{C452FF05-5AAB-4456-B90D-BF1112150B68}.Debug|Any CPU.Build.0 = Debug|Any CPU
		{C452FF05-5AAB-4456-B90D-BF1112150B68}.Release|Any CPU.ActiveCfg = Release|Any CPU
		{C452FF05-5AAB-4456-B90D-BF1112150B68}.Release|Any CPU.Build.0 = Release|Any CPU
		{CAB2D109-7B26-4C67-B83D-0FE8ECA60813}.Debug|Any CPU.ActiveCfg = Debug|Any CPU
		{CAB2D109-7B26-4C67-B83D-0FE8ECA60813}.Debug|Any CPU.Build.0 = Debug|Any CPU
		{CAB2D109-7B26-4C67-B83D-0FE8ECA60813}.Release|Any CPU.ActiveCfg = Release|Any CPU
		{CAB2D109-7B26-4C67-B83D-0FE8ECA60813}.Release|Any CPU.Build.0 = Release|Any CPU
		{11A5D0CD-5DD9-451A-B5B1-1E9F20427F1D}.Debug|Any CPU.ActiveCfg = Debug|Any CPU
		{11A5D0CD-5DD9-451A-B5B1-1E9F20427F1D}.Debug|Any CPU.Build.0 = Debug|Any CPU
		{11A5D0CD-5DD9-451A-B5B1-1E9F20427F1D}.Release|Any CPU.ActiveCfg = Release|Any CPU
		{11A5D0CD-5DD9-451A-B5B1-1E9F20427F1D}.Release|Any CPU.Build.0 = Release|Any CPU
		{183D5ACB-231D-4AE4-959C-38FFE0E3CF8E}.Debug|Any CPU.ActiveCfg = Debug|Any CPU
		{183D5ACB-231D-4AE4-959C-38FFE0E3CF8E}.Debug|Any CPU.Build.0 = Debug|Any CPU
		{183D5ACB-231D-4AE4-959C-38FFE0E3CF8E}.Release|Any CPU.ActiveCfg = Release|Any CPU
		{183D5ACB-231D-4AE4-959C-38FFE0E3CF8E}.Release|Any CPU.Build.0 = Release|Any CPU
	EndGlobalSection
	GlobalSection(NestedProjects) = preSolution
	EndGlobalSection
EndGlobal
